hash: 5169db475edc07d21cddbb0e8efff6a21a963f646805d1c432c6240ad615ddc0
updated: 2016-08-16T11:42:54.22984791+01:00
imports:
- name: github.com/limetext/loaders
  version: master
  subpackages:
  - json
  - plist
- name: github.com/limetext/log4go
  version: master
- name: github.com/limetext/rubex
  version: master
- name: github.com/limetext/text
  version: master
- name: github.com/limetext/util
  version: master
- name: github.com/quarnster/parser
  version: 8991807ce6d383a41077a642b7b381eba1df7064
- name: github.com/rjeczalik/notify
  version: 48fbf980305bec9be7717fb46bb9bf2c5059c2e0
testImports:
- name: github.com/limetext/sublime
  version: master
  subpackages:
  - textmate
  - textmate/language
  - textmate/theme
