hash: 74f49b5da1af48f6f8597e68f07a494e5a23c61286edf309d06187fc6a68358f
updated: 2016-08-21T11:03:09.803539363+01:00
imports:
- name: github.com/atotto/clipboard
  version: bb272b845f1112e10117e3e45ce39f690c0001ad
- name: github.com/limetext/loaders
  version: master
  subpackages:
  - json
  - plist
- name: github.com/limetext/log4go
  version: master
- name: github.com/limetext/rubex
  version: master
- name: github.com/limetext/text
  version: master
- name: github.com/limetext/util
  version: master
- name: github.com/quarnster/parser
  version: 8991807ce6d383a41077a642b7b381eba1df7064
- name: github.com/rjeczalik/notify
  version: 48fbf980305bec9be7717fb46bb9bf2c5059c2e0
testImports:
- name: github.com/limetext/sublime
  version: master
  subpackages:
  - textmate
  - textmate/language
  - textmate/theme
